
Microsoft Visual Studio Solution File, Format Version 12.00
# Visual Studio Version 16
VisualStudioVersion = 16.0.29409.12
MinimumVisualStudioVersion = 10.0.40219.1
Project("{9A19103F-16F7-4668-BE54-9A1E7A4F7556}") = "GameOfLifeOO", "..\GameOfLifeOO\GameOfLifeOO.csproj", "{B02F5A44-4BB0-41A1-BF4C-C163AE7A44C8}"
EndProject
Project("{FAE04EC0-301F-11D3-BF4B-00C04F79EFBC}") = "Taschenrechner", "..\Taschenrechner\Taschenrechner.csproj", "{80EE9858-2712-49FF-BCA2-63783F30C521}"
EndProject
Project("{FAE04EC0-301F-11D3-BF4B-00C04F79EFBC}") = "MiniManagement", "MiniManagement\MiniManagement.csproj", "{CDA05138-AAE5-4C5D-B8C8-4CBEB124EA6E}"
EndProject
Project("{FAE04EC0-301F-11D3-BF4B-00C04F79EFBC}") = "Test", "Test\Test.csproj", "{3A955124-1676-43FE-9E5C-87CB29280D7B}"
EndProject
Project("{FAE04EC0-301F-11D3-BF4B-00C04F79EFBC}") = "WpfTest", "WpfTest\WpfTest.csproj", "{4E82DF86-C232-4787-9482-0157C0695EF2}"
EndProject
Global
	GlobalSection(SolutionConfigurationPlatforms) = preSolution
		Debug|Any CPU = Debug|Any CPU
		Release|Any CPU = Release|Any CPU
	EndGlobalSection
	GlobalSection(ProjectConfigurationPlatforms) = postSolution
		{B02F5A44-4BB0-41A1-BF4C-C163AE7A44C8}.Debug|Any CPU.ActiveCfg = Debug|Any CPU
		{B02F5A44-4BB0-41A1-BF4C-C163AE7A44C8}.Debug|Any CPU.Build.0 = Debug|Any CPU
		{B02F5A44-4BB0-41A1-BF4C-C163AE7A44C8}.Release|Any CPU.ActiveCfg = Release|Any CPU
		{B02F5A44-4BB0-41A1-BF4C-C163AE7A44C8}.Release|Any CPU.Build.0 = Release|Any CPU
		{80EE9858-2712-49FF-BCA2-63783F30C521}.Debug|Any CPU.ActiveCfg = Debug|Any CPU
		{80EE9858-2712-49FF-BCA2-63783F30C521}.Debug|Any CPU.Build.0 = Debug|Any CPU
		{80EE9858-2712-49FF-BCA2-63783F30C521}.Release|Any CPU.ActiveCfg = Release|Any CPU
		{80EE9858-2712-49FF-BCA2-63783F30C521}.Release|Any CPU.Build.0 = Release|Any CPU
		{CDA05138-AAE5-4C5D-B8C8-4CBEB124EA6E}.Debug|Any CPU.ActiveCfg = Debug|Any CPU
		{CDA05138-AAE5-4C5D-B8C8-4CBEB124EA6E}.Debug|Any CPU.Build.0 = Debug|Any CPU
		{CDA05138-AAE5-4C5D-B8C8-4CBEB124EA6E}.Release|Any CPU.ActiveCfg = Release|Any CPU
		{CDA05138-AAE5-4C5D-B8C8-4CBEB124EA6E}.Release|Any CPU.Build.0 = Release|Any CPU
		{3A955124-1676-43FE-9E5C-87CB29280D7B}.Debug|Any CPU.ActiveCfg = Debug|Any CPU
		{3A955124-1676-43FE-9E5C-87CB29280D7B}.Debug|Any CPU.Build.0 = Debug|Any CPU
		{3A955124-1676-43FE-9E5C-87CB29280D7B}.Release|Any CPU.ActiveCfg = Release|Any CPU
		{3A955124-1676-43FE-9E5C-87CB29280D7B}.Release|Any CPU.Build.0 = Release|Any CPU
		{4E82DF86-C232-4787-9482-0157C0695EF2}.Debug|Any CPU.ActiveCfg = Debug|Any CPU
		{4E82DF86-C232-4787-9482-0157C0695EF2}.Debug|Any CPU.Build.0 = Debug|Any CPU
		{4E82DF86-C232-4787-9482-0157C0695EF2}.Release|Any CPU.ActiveCfg = Release|Any CPU
		{4E82DF86-C232-4787-9482-0157C0695EF2}.Release|Any CPU.Build.0 = Release|Any CPU
	EndGlobalSection
	GlobalSection(SolutionProperties) = preSolution
		HideSolutionNode = FALSE
	EndGlobalSection
	GlobalSection(ExtensibilityGlobals) = postSolution
		SolutionGuid = {47E10D4B-FF19-4DA7-B8C8-4BA0566E5C3E}
	EndGlobalSection
EndGlobal
